
Microsoft Visual Studio Solution File, Format Version 12.00
# Visual Studio Version 16
VisualStudioVersion = 16.0.31702.278
MinimumVisualStudioVersion = 10.0.40219.1
Project("{FAE04EC0-301F-11D3-BF4B-00C04F79EFBC}") = "DHXGantt", "DHXGantt\DHXGantt.csproj", "{17EC11D6-F139-45FA-BF64-DD854AF9239C}"
EndProject
Global
	GlobalSection(SolutionConfigurationPlatforms) = preSolution
		Debug|Any CPU = Debug|Any CPU
		Release|Any CPU = Release|Any CPU
	EndGlobalSection
	GlobalSection(ProjectConfigurationPlatforms) = postSolution
		{17EC11D6-F139-45FA-BF64-DD854AF9239C}.Debug|Any CPU.ActiveCfg = Debug|Any CPU
		{17EC11D6-F139-45FA-BF64-DD854AF9239C}.Debug|Any CPU.Build.0 = Debug|Any CPU
		{17EC11D6-F139-45FA-BF64-DD854AF9239C}.Release|Any CPU.ActiveCfg = Release|Any CPU
		{17EC11D6-F139-45FA-BF64-DD854AF9239C}.Release|Any CPU.Build.0 = Release|Any CPU
	EndGlobalSection
	GlobalSection(SolutionProperties) = preSolution
		HideSolutionNode = FALSE
	EndGlobalSection
	GlobalSection(ExtensibilityGlobals) = postSolution
		SolutionGuid = {AFD18E79-0FA2-451A-A541-14A78FA0BA48}
	EndGlobalSection
EndGlobal
